<?xml version="1.0" encoding="utf-8"?>
<Project ToolsVersion="4.0" xmlns="http://schemas.microsoft.com/developer/msbuild/2003">
  <ItemGroup>
    <ClCompile Include="main.cpp" />
    <ClCompile Include="game.cpp" />
    <ClCompile Include="external\imgui\imgui.cpp">
      <Filter>imgui</Filter>
    </ClCompile>
    <ClCompile Include="external\imgui\imgui_draw.cpp">
      <Filter>imgui</Filter>
    </ClCompile>
    <ClCompile Include="external\imgui\imgui_tables.cpp">
      <Filter>imgui</Filter>
    </ClCompile>
    <ClCompile Include="external\imgui\imgui_widgets.cpp">
      <Filter>imgui</Filter>
    </ClCompile>
    <ClCompile Include="external\imgui\backends\imgui_impl_sdl.cpp">
      <Filter>imgui</Filter>
    </ClCompile>
    <ClCompile Include="external\imgui\backends\imgui_impl_sdlrenderer.cpp">
      <Filter>imgui</Filter>
    </ClCompile>
    <ClCompile Include="layer_stack.cpp" />
    <ClCompile Include="menu_layer.cpp" />
    <ClCompile Include="game_layer.cpp" />
    <ClCompile Include="enemy_system.cpp" />
    <ClCompile Include="weapon_system.cpp" />
    <ClCompile Include="velocity_system.cpp" />
    <ClCompile Include="lifetime_system.cpp" />
    <ClCompile Include="tile_map.cpp" />
    <ClCompile Include="simplex_noise.cpp" />
    <ClCompile Include="state_machine.cpp" />
    <ClCompile Include="state_pre_game.cpp" />
    <ClCompile Include="state_game.cpp" />
    <ClCompile Include="state_post_game.cpp" />
  </ItemGroup>
  <ItemGroup>
    <ClInclude Include="game.h" />
    <ClInclude Include="layer.h" />
    <ClInclude Include="layer_stack.h" />
    <ClInclude Include="menu_layer.h" />
    <ClInclude Include="game_layer.h" />
    <ClInclude Include="components.h" />
    <ClInclude Include="enemy_system.h" />
    <ClInclude Include="weapon_system.h" />
    <ClInclude Include="velocity_system.h" />
    <ClInclude Include="lifetime_system.h" />
    <ClInclude Include="tile_map.h" />
    <ClInclude Include="simplex_noise.h" />
    <ClInclude Include="state_machine.h" />
    <ClInclude Include="state.h" />
    <ClInclude Include="state_pre_game.h" />
    <ClInclude Include="state_game.h" />
    <ClInclude Include="state_post_game.h" />
  </ItemGroup>
  <ItemGroup>
    <Filter Include="imgui">
      <UniqueIdentifier>{1d5e9893-3369-4d10-93f4-03567cf2c360}</UniqueIdentifier>
    </Filter>
  </ItemGroup>
</Project>