<?xml version="1.0" encoding="utf-8"?>
<Project ToolsVersion="4.0" xmlns="http://schemas.microsoft.com/developer/msbuild/2003">
  <ItemGroup>
    <ClCompile Include="external\imgui\imgui.cpp">
      <Filter>imgui</Filter>
    </ClCompile>
    <ClCompile Include="external\imgui\imgui_draw.cpp">
      <Filter>imgui</Filter>
    </ClCompile>
    <ClCompile Include="external\imgui\imgui_tables.cpp">
      <Filter>imgui</Filter>
    </ClCompile>
    <ClCompile Include="external\imgui\imgui_widgets.cpp">
      <Filter>imgui</Filter>
    </ClCompile>
    <ClCompile Include="external\imgui\backends\imgui_impl_sdl.cpp">
      <Filter>imgui</Filter>
    </ClCompile>
    <ClCompile Include="external\imgui\backends\imgui_impl_sdlrenderer.cpp">
      <Filter>imgui</Filter>
    </ClCompile>
    <ClCompile Include="src\ecs\systems\animation_system.cpp">
      <Filter>ecs\systems</Filter>
    </ClCompile>
    <ClCompile Include="src\ecs\systems\enemy_system.cpp">
      <Filter>ecs\systems</Filter>
    </ClCompile>
    <ClCompile Include="src\ecs\systems\lifetime_system.cpp">
      <Filter>ecs\systems</Filter>
    </ClCompile>
    <ClCompile Include="src\ecs\systems\sprite_system.cpp">
      <Filter>ecs\systems</Filter>
    </ClCompile>
    <ClCompile Include="src\ecs\systems\velocity_system.cpp">
      <Filter>ecs\systems</Filter>
    </ClCompile>
    <ClCompile Include="src\ecs\systems\weapon_system.cpp">
      <Filter>ecs\systems</Filter>
    </ClCompile>
    <ClCompile Include="src\layers\game_layer.cpp">
      <Filter>layers</Filter>
    </ClCompile>
    <ClCompile Include="src\layers\layer.cpp">
      <Filter>layers</Filter>
    </ClCompile>
    <ClCompile Include="src\layers\layer_stack.cpp">
      <Filter>layers</Filter>
    </ClCompile>
    <ClCompile Include="src\layers\splash_layer.cpp">
      <Filter>layers</Filter>
    </ClCompile>
    <ClCompile Include="src\states\state_game.cpp">
      <Filter>states</Filter>
    </ClCompile>
    <ClCompile Include="src\states\state_machine.cpp">
      <Filter>states</Filter>
    </ClCompile>
    <ClCompile Include="src\states\state_post_game.cpp">
      <Filter>states</Filter>
    </ClCompile>
    <ClCompile Include="src\states\state_pre_game.cpp">
      <Filter>states</Filter>
    </ClCompile>
    <ClCompile Include="src\game.cpp" />
    <ClCompile Include="src\game_pch.cpp" />
    <ClCompile Include="src\main.cpp" />
    <ClCompile Include="src\SDL_FontCache.c" />
    <ClCompile Include="src\simplex_noise.cpp" />
    <ClCompile Include="src\tile_map.cpp" />
    <ClCompile Include="src\utils.cpp" />
    <ClCompile Include="src\audio_factory.cpp" />
    <ClCompile Include="src\ecs\systems\cleanup_system.cpp">
      <Filter>ecs\systems</Filter>
    </ClCompile>
    <ClCompile Include="src\layers\loading_layer.cpp">
      <Filter>layers</Filter>
    </ClCompile>
    <ClCompile Include="src\layers\menu_layer.cpp">
      <Filter>layers</Filter>
    </ClCompile>
    <ClCompile Include="src\layers\background_layer.cpp">
      <Filter>layers</Filter>
    </ClCompile>
    <ClCompile Include="src\events\event.cpp">
      <Filter>events</Filter>
    </ClCompile>
    <ClCompile Include="src\events\event_key.cpp">
      <Filter>events</Filter>
    </ClCompile>
    <ClCompile Include="src\ui\layout_entity.cpp">
      <Filter>ui</Filter>
    </ClCompile>
    <ClCompile Include="src\ui\node.cpp">
      <Filter>ui</Filter>
    </ClCompile>
    <ClCompile Include="src\ui\group.cpp">
      <Filter>ui</Filter>
    </ClCompile>
    <ClCompile Include="src\ui\node_image.cpp">
      <Filter>ui</Filter>
    </ClCompile>
  </ItemGroup>
  <ItemGroup>
    <Filter Include="imgui">
      <UniqueIdentifier>{1d5e9893-3369-4d10-93f4-03567cf2c360}</UniqueIdentifier>
    </Filter>
    <Filter Include="ecs">
      <UniqueIdentifier>{0351c7ff-485a-4cc5-aabb-e5a0e1b3b52d}</UniqueIdentifier>
    </Filter>
    <Filter Include="layers">
      <UniqueIdentifier>{798419d6-14c8-4b8d-9b58-ad8e77c8d352}</UniqueIdentifier>
    </Filter>
    <Filter Include="states">
      <UniqueIdentifier>{f363894a-b5ff-446e-af23-7b820791a54e}</UniqueIdentifier>
    </Filter>
    <Filter Include="ecs\systems">
      <UniqueIdentifier>{e7bc7a5a-d440-48fa-844d-3a64d1c0e8af}</UniqueIdentifier>
    </Filter>
    <Filter Include="ecs\components">
      <UniqueIdentifier>{b1c6c4ea-68ea-4d23-a414-5aea59fccb53}</UniqueIdentifier>
    </Filter>
    <Filter Include="ui">
      <UniqueIdentifier>{6d52be80-05f6-483a-b32f-115687c05ed8}</UniqueIdentifier>
    </Filter>
    <Filter Include="events">
      <UniqueIdentifier>{59fbb686-131e-4ff6-91cf-3b490114322e}</UniqueIdentifier>
    </Filter>
    <Filter Include="debug">
      <UniqueIdentifier>{9d75a4f3-92ef-4455-bfe6-80e139dd0657}</UniqueIdentifier>
    </Filter>
  </ItemGroup>
  <ItemGroup>
    <ClInclude Include="src\ecs\components\components.h">
      <Filter>ecs\components</Filter>
    </ClInclude>
    <ClInclude Include="src\ecs\systems\animation_system.h">
      <Filter>ecs\systems</Filter>
    </ClInclude>
    <ClInclude Include="src\ecs\systems\enemy_system.h">
      <Filter>ecs\systems</Filter>
    </ClInclude>
    <ClInclude Include="src\ecs\systems\lifetime_system.h">
      <Filter>ecs\systems</Filter>
    </ClInclude>
    <ClInclude Include="src\ecs\systems\sprite_system.h">
      <Filter>ecs\systems</Filter>
    </ClInclude>
    <ClInclude Include="src\ecs\systems\velocity_system.h">
      <Filter>ecs\systems</Filter>
    </ClInclude>
    <ClInclude Include="src\ecs\systems\weapon_system.h">
      <Filter>ecs\systems</Filter>
    </ClInclude>
    <ClInclude Include="src\layers\game_layer.h">
      <Filter>layers</Filter>
    </ClInclude>
    <ClInclude Include="src\layers\layer.h">
      <Filter>layers</Filter>
    </ClInclude>
    <ClInclude Include="src\layers\layer_stack.h">
      <Filter>layers</Filter>
    </ClInclude>
    <ClInclude Include="src\layers\splash_layer.h">
      <Filter>layers</Filter>
    </ClInclude>
    <ClInclude Include="src\states\state.h">
      <Filter>states</Filter>
    </ClInclude>
    <ClInclude Include="src\states\state_game.h">
      <Filter>states</Filter>
    </ClInclude>
    <ClInclude Include="src\states\state_machine.h">
      <Filter>states</Filter>
    </ClInclude>
    <ClInclude Include="src\states\state_post_game.h">
      <Filter>states</Filter>
    </ClInclude>
    <ClInclude Include="src\states\state_pre_game.h">
      <Filter>states</Filter>
    </ClInclude>
    <ClInclude Include="src\game.h" />
    <ClInclude Include="src\game_pch.h" />
    <ClInclude Include="src\random.h" />
    <ClInclude Include="src\SDL_FontCache.h" />
    <ClInclude Include="src\simplex_noise.h" />
    <ClInclude Include="src\tile_map.h" />
    <ClInclude Include="src\utils.h" />
    <ClInclude Include="src\smart_sdl.h" />
    <ClInclude Include="src\audio_factory.h" />
    <ClInclude Include="src\ecs\systems\cleanup_system.h">
      <Filter>ecs\systems</Filter>
    </ClInclude>
    <ClInclude Include="src\layers\loading_layer.h">
      <Filter>layers</Filter>
    </ClInclude>
    <ClInclude Include="src\layers\menu_layer.h">
      <Filter>layers</Filter>
    </ClInclude>
    <ClInclude Include="src\layers\background_layer.h">
      <Filter>layers</Filter>
    </ClInclude>
    <ClInclude Include="src\events\event.h">
      <Filter>events</Filter>
    </ClInclude>
    <ClInclude Include="src\events\event_window_size.h">
      <Filter>events</Filter>
    </ClInclude>
    <ClInclude Include="src\events\event_quit.h">
      <Filter>events</Filter>
    </ClInclude>
    <ClInclude Include="src\events\event_key.h">
      <Filter>events</Filter>
    </ClInclude>
    <ClInclude Include="src\events\event_device.h">
      <Filter>events</Filter>
    </ClInclude>
    <ClInclude Include="src\events\event_dispatch.h">
      <Filter>events</Filter>
    </ClInclude>
    <ClInclude Include="src\events\event_listener.h">
      <Filter>events</Filter>
    </ClInclude>
    <ClInclude Include="src\events\widget_events.h">
      <Filter>events</Filter>
    </ClInclude>
    <ClInclude Include="src\events\event_mouse.h">
      <Filter>events</Filter>
    </ClInclude>
    <ClInclude Include="src\debug\inspectors.h">
      <Filter>debug</Filter>
    </ClInclude>
    <ClInclude Include="src\ui\layout_entity.h">
      <Filter>ui</Filter>
    </ClInclude>
    <ClInclude Include="src\ui\node.h">
      <Filter>ui</Filter>
    </ClInclude>
    <ClInclude Include="src\ui\layout_types.h">
      <Filter>ui</Filter>
    </ClInclude>
    <ClInclude Include="src\ui\group.h">
      <Filter>ui</Filter>
    </ClInclude>
    <ClInclude Include="src\ui\inspectors.h">
      <Filter>ui</Filter>
    </ClInclude>
    <ClInclude Include="src\ui\node_image.h">
      <Filter>ui</Filter>
    </ClInclude>
  </ItemGroup>
  <ItemGroup>
    <Text Include="TODO.txt" />
  </ItemGroup>
  <ItemGroup>
    <None Include=".clang-format" />
    <None Include=".gitignore" />
  </ItemGroup>
</Project>